
Microsoft Visual Studio Solution File, Format Version 12.00
# Visual Studio Version 16
VisualStudioVersion = 16.0.29609.76
MinimumVisualStudioVersion = 10.0.40219.1
Project("{FAE04EC0-301F-11D3-BF4B-00C04F79EFBC}") = "InClassExerciseII-Mod4", "InClassExerciseII-Mod4\InClassExerciseII-Mod4.csproj", "{9FE0D2FD-2077-4B16-9B84-65AEC9F0BF50}"
EndProject
Global
	GlobalSection(SolutionConfigurationPlatforms) = preSolution
		Debug|Any CPU = Debug|Any CPU
		Release|Any CPU = Release|Any CPU
	EndGlobalSection
	GlobalSection(ProjectConfigurationPlatforms) = postSolution
		{9FE0D2FD-2077-4B16-9B84-65AEC9F0BF50}.Debug|Any CPU.ActiveCfg = Debug|Any CPU
		{9FE0D2FD-2077-4B16-9B84-65AEC9F0BF50}.Debug|Any CPU.Build.0 = Debug|Any CPU
		{9FE0D2FD-2077-4B16-9B84-65AEC9F0BF50}.Release|Any CPU.ActiveCfg = Release|Any CPU
		{9FE0D2FD-2077-4B16-9B84-65AEC9F0BF50}.Release|Any CPU.Build.0 = Release|Any CPU
	EndGlobalSection
	GlobalSection(SolutionProperties) = preSolution
		HideSolutionNode = FALSE
	EndGlobalSection
	GlobalSection(ExtensibilityGlobals) = postSolution
		SolutionGuid = {28CA2542-C1A4-420A-8727-1FDF5678B76C}
	EndGlobalSection
EndGlobal
