
Microsoft Visual Studio Solution File, Format Version 12.00
# Visual Studio Version 16
VisualStudioVersion = 16.0.29609.76
MinimumVisualStudioVersion = 10.0.40219.1
Project("{FAE04EC0-301F-11D3-BF4B-00C04F79EFBC}") = "CircleAreaCalculator", "CircleAreaCalculator\CircleAreaCalculator.csproj", "{63B0ED11-E2D4-418A-A431-78B08B9BD690}"
EndProject
Global
	GlobalSection(SolutionConfigurationPlatforms) = preSolution
		Debug|Any CPU = Debug|Any CPU
		Release|Any CPU = Release|Any CPU
	EndGlobalSection
	GlobalSection(ProjectConfigurationPlatforms) = postSolution
		{63B0ED11-E2D4-418A-A431-78B08B9BD690}.Debug|Any CPU.ActiveCfg = Debug|Any CPU
		{63B0ED11-E2D4-418A-A431-78B08B9BD690}.Debug|Any CPU.Build.0 = Debug|Any CPU
		{63B0ED11-E2D4-418A-A431-78B08B9BD690}.Release|Any CPU.ActiveCfg = Release|Any CPU
		{63B0ED11-E2D4-418A-A431-78B08B9BD690}.Release|Any CPU.Build.0 = Release|Any CPU
	EndGlobalSection
	GlobalSection(SolutionProperties) = preSolution
		HideSolutionNode = FALSE
	EndGlobalSection
	GlobalSection(ExtensibilityGlobals) = postSolution
		SolutionGuid = {B48F52D5-C2AA-4700-B491-41561600CDF3}
	EndGlobalSection
EndGlobal
