
Microsoft Visual Studio Solution File, Format Version 12.00
# Visual Studio Version 16
VisualStudioVersion = 16.0.29709.97
MinimumVisualStudioVersion = 10.0.40219.1
Project("{FAE04EC0-301F-11D3-BF4B-00C04F79EFBC}") = "InClassExercise_Mod10_Wk15", "InClassExercise_Mod10_Wk15\InClassExercise_Mod10_Wk15.csproj", "{A94F5397-C8EF-4EF5-8AD1-C8139D1C14B4}"
EndProject
Global
	GlobalSection(SolutionConfigurationPlatforms) = preSolution
		Debug|Any CPU = Debug|Any CPU
		Release|Any CPU = Release|Any CPU
	EndGlobalSection
	GlobalSection(ProjectConfigurationPlatforms) = postSolution
		{A94F5397-C8EF-4EF5-8AD1-C8139D1C14B4}.Debug|Any CPU.ActiveCfg = Debug|Any CPU
		{A94F5397-C8EF-4EF5-8AD1-C8139D1C14B4}.Debug|Any CPU.Build.0 = Debug|Any CPU
		{A94F5397-C8EF-4EF5-8AD1-C8139D1C14B4}.Release|Any CPU.ActiveCfg = Release|Any CPU
		{A94F5397-C8EF-4EF5-8AD1-C8139D1C14B4}.Release|Any CPU.Build.0 = Release|Any CPU
	EndGlobalSection
	GlobalSection(SolutionProperties) = preSolution
		HideSolutionNode = FALSE
	EndGlobalSection
	GlobalSection(ExtensibilityGlobals) = postSolution
		SolutionGuid = {61615B88-11EF-453C-BDC2-10CBF9370A0E}
	EndGlobalSection
EndGlobal
