
Microsoft Visual Studio Solution File, Format Version 12.00
# Visual Studio Version 16
VisualStudioVersion = 16.0.29709.97
MinimumVisualStudioVersion = 10.0.40219.1
Project("{FAE04EC0-301F-11D3-BF4B-00C04F79EFBC}") = "InClassExerciseII_Mod8_Wk12", "InClassExerciseII_Mod8_Wk12\InClassExerciseII_Mod8_Wk12.csproj", "{5B511E91-8C87-43AA-90DD-285ABCC5C107}"
EndProject
Global
	GlobalSection(SolutionConfigurationPlatforms) = preSolution
		Debug|Any CPU = Debug|Any CPU
		Release|Any CPU = Release|Any CPU
	EndGlobalSection
	GlobalSection(ProjectConfigurationPlatforms) = postSolution
		{5B511E91-8C87-43AA-90DD-285ABCC5C107}.Debug|Any CPU.ActiveCfg = Debug|Any CPU
		{5B511E91-8C87-43AA-90DD-285ABCC5C107}.Debug|Any CPU.Build.0 = Debug|Any CPU
		{5B511E91-8C87-43AA-90DD-285ABCC5C107}.Release|Any CPU.ActiveCfg = Release|Any CPU
		{5B511E91-8C87-43AA-90DD-285ABCC5C107}.Release|Any CPU.Build.0 = Release|Any CPU
	EndGlobalSection
	GlobalSection(SolutionProperties) = preSolution
		HideSolutionNode = FALSE
	EndGlobalSection
	GlobalSection(ExtensibilityGlobals) = postSolution
		SolutionGuid = {D26AEA0E-87FE-4581-9973-51D174CDA87B}
	EndGlobalSection
EndGlobal
