
Microsoft Visual Studio Solution File, Format Version 12.00
# Visual Studio Version 16
VisualStudioVersion = 16.0.29609.76
MinimumVisualStudioVersion = 10.0.40219.1
Project("{FAE04EC0-301F-11D3-BF4B-00C04F79EFBC}") = "InClassExercise1_Mod7", "InClassExercise1_Mod7\InClassExercise1_Mod7.csproj", "{7669A5FB-A2C2-471D-B35B-DE2BE4F50BB9}"
EndProject
Global
	GlobalSection(SolutionConfigurationPlatforms) = preSolution
		Debug|Any CPU = Debug|Any CPU
		Release|Any CPU = Release|Any CPU
	EndGlobalSection
	GlobalSection(ProjectConfigurationPlatforms) = postSolution
		{7669A5FB-A2C2-471D-B35B-DE2BE4F50BB9}.Debug|Any CPU.ActiveCfg = Debug|Any CPU
		{7669A5FB-A2C2-471D-B35B-DE2BE4F50BB9}.Debug|Any CPU.Build.0 = Debug|Any CPU
		{7669A5FB-A2C2-471D-B35B-DE2BE4F50BB9}.Release|Any CPU.ActiveCfg = Release|Any CPU
		{7669A5FB-A2C2-471D-B35B-DE2BE4F50BB9}.Release|Any CPU.Build.0 = Release|Any CPU
	EndGlobalSection
	GlobalSection(SolutionProperties) = preSolution
		HideSolutionNode = FALSE
	EndGlobalSection
	GlobalSection(ExtensibilityGlobals) = postSolution
		SolutionGuid = {81DD09E0-AA67-4256-9116-EAF888452497}
	EndGlobalSection
EndGlobal
